
Microsoft Visual Studio Solution File, Format Version 12.00
# Visual Studio Version 17
VisualStudioVersion = 17.2.32505.173
MinimumVisualStudioVersion = 10.0.40219.1
Project("{FAE04EC0-301F-11D3-BF4B-00C04F79EFBC}") = "Clasificacion_Animales", "Clasificacion_Animales\Clasificacion_Animales.csproj", "{814D1BC5-CF53-48A9-BCD0-7154E9DA1560}"
EndProject
Global
	GlobalSection(SolutionConfigurationPlatforms) = preSolution
		Debug|Any CPU = Debug|Any CPU
		Release|Any CPU = Release|Any CPU
	EndGlobalSection
	GlobalSection(ProjectConfigurationPlatforms) = postSolution
		{814D1BC5-CF53-48A9-BCD0-7154E9DA1560}.Debug|Any CPU.ActiveCfg = Debug|Any CPU
		{814D1BC5-CF53-48A9-BCD0-7154E9DA1560}.Debug|Any CPU.Build.0 = Debug|Any CPU
		{814D1BC5-CF53-48A9-BCD0-7154E9DA1560}.Release|Any CPU.ActiveCfg = Release|Any CPU
		{814D1BC5-CF53-48A9-BCD0-7154E9DA1560}.Release|Any CPU.Build.0 = Release|Any CPU
	EndGlobalSection
	GlobalSection(SolutionProperties) = preSolution
		HideSolutionNode = FALSE
	EndGlobalSection
	GlobalSection(ExtensibilityGlobals) = postSolution
		SolutionGuid = {B2EB4658-2788-4DF9-BF10-F57EC7CD5C74}
	EndGlobalSection
EndGlobal
